[[package]]
name = "beautifulsoup4"
version = "4.4.0"
description = "Screen-scraping library"
category = "main"
optional = false
python-versions = "*"

[package.extras]
html5lib = ["html5lib"]
lxml = ["lxml"]

[[package]]
name = "click"
version = "3.3"
description = "A simple wrapper around optparse for powerful command line utilities."
category = "main"
optional = false
python-versions = "*"

[[package]]
name = "pyenchant"
version = "1.6.6"
description = "Python bindings for the Enchant spellchecking system"
category = "main"
optional = false
python-versions = "*"

[[package]]
name = "requests"
version = "2.7.0"
description = "Python HTTP for Humans."
category = "main"
optional = false
python-versions = "*"

[package.extras]
security = ["pyopenssl", "ndg-httpsclient", "pyasn1"]

[[package]]
name = "sitechantment"
version = "0.1.0"
description = "Check a site for spelling errors"
category = "main"
optional = false
python-versions = "*"

[package.dependencies]
beautifulsoup4 = "4.4.0"
click = "3.3"
pyenchant = "1.6.6"
requests = "2.7.0"

[metadata]
lock-version = "1.1"
python-versions = "^3.8"
content-hash = "aec53577b8575601efe6fb344d503accc7fd3021df4925705b4e08f710fcbc3c"

[metadata.files]
beautifulsoup4 = [
    {file = "beautifulsoup4-4.4.0-py2-none-any.whl", hash = "sha256:b702721f8722c94fbd2fbdfb42183c4b5b3d8871186b92a8898e2dfe4869aadb"},
    {file = "beautifulsoup4-4.4.0-py3-none-any.whl", hash = "sha256:a43204aaee0ef590a6073470f094564ddef6aca5f68c143c99262f8b4923af8c"},
    {file = "beautifulsoup4-4.4.0.tar.gz", hash = "sha256:fad91da88f69438b9ba939ab1b2cabaa31b1d914f1cccb4bb157a993ed2917f6"},
]
click = [
    {file = "click-3.3-py2.py3-none-any.whl", hash = "sha256:c9972f4d2b80575bb9112500cfec750eaf4f04e07abda4b2c44e453cde65ee77"},
    {file = "click-3.3.tar.gz", hash = "sha256:f79c8c04d7eb50071bcad67fd23f3c10fab6c72d56857adf848367806845d6e5"},
]
pyenchant = [
    {file = "pyenchant-1.6.6-py2.py3-none-any.whl", hash = "sha256:2e573566c62eea455b2447b90accc61efed1d2a825dd3dc9285ab914baae92b3"},
    {file = "pyenchant-1.6.6-py2.py3.cp27.cp26.cp32.cp33.cp34.pp27-none-macosx_10_6_intel.macosx_10_9_intel.whl", hash = "sha256:66f45e71d52e159381a1177b63e25eb419a0acb49b18a7197c0be8110567b8d1"},
    {file = "pyenchant-1.6.6-py2.py3.cp27.cp26.cp32.cp33.cp34.pp27-none-win32.whl", hash = "sha256:dd6ec7351ee93b65bd3c0bf9b1dbc143d2837cffabf8371bda0d589f471679bc"},
    {file = "pyenchant-1.6.6.tar.gz", hash = "sha256:25c9d2667d512f8fc4410465fdd2e868377ca07eb3d56e2b6e534a86281d64d3"},
    {file = "pyenchant-1.6.6.win32.exe", hash = "sha256:fe5fc3e2577d38e2adc0d2c70a92c1e11d4e450f40465a7cf649a5a250b254b9"},
]
requests = [
    {file = "requests-2.7.0-py2.py3-none-any.whl", hash = "sha256:20f976cdce02a42b69ce80e9e03897a51814b36d448b37288546086ebc473146"},
    {file = "requests-2.7.0.tar.gz", hash = "sha256:398a3db6d61899d25fd4a06c6ca12051b0ce171d705decd7ed5511517b4bb93d"},
]
sitechantment = [
    {file = "sitechantment-0.1.0.tar.gz", hash = "sha256:92b5ef1e5a11dd22c4d161dba724b71ea66bc23bc6a43e6bb42849d1f58bcf15"},
]
